{
  "name": "node-elektronikon-cgi",
  "version": "0.1.0",
  "lockfileVersion": 3,
  "requires": true,
  "packages": {
    "": {
      "name": "node-elektronikon-cgi",
      "version": "0.1.0",
      "license": "MIT",
      "bin": {
        "node-elektronikon-cgi": "src/cli.js"
      },
      "engines": {
        "node": ">=20"
      }
    }
  }
}
